
Microsoft Visual Studio Solution File, Format Version 12.00
# Visual Studio 2013
VisualStudioVersion = 12.0.21005.1
MinimumVisualStudioVersion = 10.0.40219.1
Project("{FAE04EC0-301F-11D3-BF4B-00C04F79EFBC}") = "QUADRAV", "QUADRAV\QUADRAV.csproj", "{F7177827-0473-440A-A659-3ED2E6BD34EB}"
EndProject
Global
	GlobalSection(SolutionConfigurationPlatforms) = preSolution
		Debug|Any CPU = Debug|Any CPU
		Debug|x64 = Debug|x64
		Release|Any CPU = Release|Any CPU
		Release|x64 = Release|x64
	EndGlobalSection
	GlobalSection(ProjectConfigurationPlatforms) = postSolution
		{F7177827-0473-440A-A659-3ED2E6BD34EB}.Debug|Any CPU.ActiveCfg = Debug|Any CPU
		{F7177827-0473-440A-A659-3ED2E6BD34EB}.Debug|Any CPU.Build.0 = Debug|Any CPU
		{F7177827-0473-440A-A659-3ED2E6BD34EB}.Debug|x64.ActiveCfg = Debug|x64
		{F7177827-0473-440A-A659-3ED2E6BD34EB}.Debug|x64.Build.0 = Debug|x64
		{F7177827-0473-440A-A659-3ED2E6BD34EB}.Release|Any CPU.ActiveCfg = Release|Any CPU
		{F7177827-0473-440A-A659-3ED2E6BD34EB}.Release|Any CPU.Build.0 = Release|Any CPU
		{F7177827-0473-440A-A659-3ED2E6BD34EB}.Release|x64.ActiveCfg = Release|x64
		{F7177827-0473-440A-A659-3ED2E6BD34EB}.Release|x64.Build.0 = Release|x64
	EndGlobalSection
	GlobalSection(SolutionProperties) = preSolution
		HideSolutionNode = FALSE
	EndGlobalSection
EndGlobal
